Microsoft Visual Studio Solution File, Format Version 12.00
# Visual Studio Version 17
VisualStudioVersion = 17.5.2.0
MinimumVisualStudioVersion = 10.0.40219.1
Project("{FAE04EC0-301F-11D3-BF4B-00C04F79EFBC}") = "blog-balta-2812-azure", "blog-balta-2812-azure.csproj", "{734E12C4-11FD-5AD4-E49E-B5DAA626C384}"
EndProject
Global
	GlobalSection(SolutionConfigurationPlatforms) = preSolution
		Debug|Any CPU = Debug|Any CPU
		Release|Any CPU = Release|Any CPU
	EndGlobalSection
	GlobalSection(ProjectConfigurationPlatforms) = postSolution
		{734E12C4-11FD-5AD4-E49E-B5DAA626C384}.Debug|Any CPU.ActiveCfg = Debug|Any CPU
		{734E12C4-11FD-5AD4-E49E-B5DAA626C384}.Debug|Any CPU.Build.0 = Debug|Any CPU
		{734E12C4-11FD-5AD4-E49E-B5DAA626C384}.Release|Any CPU.ActiveCfg = Release|Any CPU
		{734E12C4-11FD-5AD4-E49E-B5DAA626C384}.Release|Any CPU.Build.0 = Release|Any CPU
	EndGlobalSection
	GlobalSection(SolutionProperties) = preSolution
		HideSolutionNode = FALSE
	EndGlobalSection
	GlobalSection(ExtensibilityGlobals) = postSolution
		SolutionGuid = {B960074D-8D28-4331-85F1-BFF7D50CB660}
	EndGlobalSection
EndGlobal
